{
  "name": "FeelFit",
  "lockfileVersion": 3,
  "requires": true,
  "packages": {
    "": {
      "dependencies": {
        "@capgo/capacitor-native-biometric": "^6.0.4"
      }
    },
    "node_modules/@capgo/capacitor-native-biometric": {
      "version": "6.0.4",
      "resolved": "https://registry.npmjs.org/@capgo/capacitor-native-biometric/-/capacitor-native-biometric-6.0.4.tgz",
      "integrity": "sha512-1hiCzlH1n+5N8gJTw+CYpYjTGcp8L+tGRb31clTN7c4GTQXMhIwmiitJ0cQRz8THl8IKDY9LL2FmcWuGA6ZELw==",
      "license": "MIT",
      "peerDependencies": {
        "@capacitor/core": "^6.0.0"
      }
    }
  }
}
